{
  "version": 4,
  "terraform_version": "0.12.3",
  "serial": 252,
  "lineage": "072e16c1-9f4a-fcaa-bfc5-eeb007a415f6",
  "outputs": {},
  "resources": [
    {
      "mode": "managed",
      "type": "google_compute_firewall",
      "name": "default",
      "provider": "provider.google",
      "instances": [
        {
          "schema_version": 1,
          "attributes": {
            "allow": [
              {
                "ports": [
                  "22"
                ],
                "protocol": "tcp"
              },
              {
                "ports": [
                  "27017"
                ],
                "protocol": "tcp"
              },
              {
                "ports": [
                  "4200"
                ],
                "protocol": "tcp"
              },
              {
                "ports": [
                  "8080"
                ],
                "protocol": "tcp"
              },
              {
                "ports": [],
                "protocol": "icmp"
              }
            ],
            "creation_timestamp": "2019-07-12T07:59:34.268-07:00",
            "deny": [],
            "description": "",
            "destination_ranges": [],
            "direction": "INGRESS",
            "disabled": false,
            "id": "mongodb-firewall",
            "name": "mongodb-firewall",
            "network": "https://www.googleapis.com/compute/v1/projects/project-shard-12345/global/networks/default",
            "priority": 1000,
            "project": "project-shard-12345",
            "self_link": "https://www.googleapis.com/compute/v1/projects/project-shard-12345/global/firewalls/mongodb-firewall",
            "source_ranges": [
              "0.0.0.0/0"
            ],
            "source_service_accounts": null,
            "source_tags": null,
            "target_service_accounts": null,
            "target_tags": [
              "mongodb"
            ],
            "timeouts": null
          },
          "private": "eyJlMmJmYjczMC1lY2FhLTExZTYtOGY4OC0zNDM2M2JjN2M0YzAiOnsiY3JlYXRlIjoyNDAwMDAwMDAwMDAsImRlbGV0ZSI6MjQwMDAwMDAwMDAwLCJ1cGRhdGUiOjI0MDAwMDAwMDAwMH0sInNjaGVtYV92ZXJzaW9uIjoiMSJ9"
        }
      ]
    },
    {
      "mode": "managed",
      "type": "google_compute_instance",
      "name": "api",
      "provider": "provider.google",
      "instances": [
        {
          "schema_version": 6,
          "attributes": {
            "allow_stopping_for_update": null,
            "attached_disk": [],
            "boot_disk": [
              {
                "auto_delete": true,
                "device_name": "persistent-disk-0",
                "disk_encryption_key_raw": "",
                "disk_encryption_key_sha256": "",
                "initialize_params": [
                  {
                    "image": "https://www.googleapis.com/compute/v1/projects/ubuntu-os-cloud/global/images/ubuntu-1804-bionic-v20190628",
                    "size": 10,
                    "type": "pd-standard"
                  }
                ],
                "kms_key_self_link": "",
                "source": "https://www.googleapis.com/compute/v1/projects/project-shard-12345/zones/europe-west2-c/disks/api"
              }
            ],
            "can_ip_forward": false,
            "cpu_platform": "Intel Broadwell",
            "deletion_protection": false,
            "description": null,
            "disk": [],
            "guest_accelerator": [],
            "hostname": "",
            "id": "api",
            "instance_id": "3822690173192576695",
            "label_fingerprint": "42WmSpB8rSM=",
            "labels": null,
            "machine_type": "g1-small",
            "metadata": {
              "sshKeys": "terraform:ssh-rsa AAAAB3NzaC1yc2EAAAADAQABAAABAQC0y2bUR5VY2EtWhm1EhCuNfRb5ld77ztBfeVKAPRsS6q4y5YKbbZH+upaOTSPCT3QF48SSzS+5I3BylXOG/hNZ1BApdGb9yQx2IvH9TUueVNOZLPwHEq7cofGq5+djzW8pkAexQyGY+6LeGq7T87AUIrjKjEKZTHeCM9AT6mSrNVveKPM6/3A4fBprcE65Emmw1WPpvottaeuRkKPUhZkoIaUqJdMhzvsrbJXP5rMCb1zBPLmJeXGVLNix0aqH2wGY/Y7gWaLiiKEetUORINpk0Ut513ObgQt1RIRqJMXZE5qCavP9kU8hxTHUxgABdwai/+lMryO7LkSWVGcbNsj9 allan@allan-K52F\n"
            },
            "metadata_fingerprint": "O0NvVdvThiI=",
            "metadata_startup_script": "",
            "min_cpu_platform": "",
            "name": "api",
            "network_interface": [
              {
                "access_config": [
                  {
                    "assigned_nat_ip": "",
                    "nat_ip": "35.246.37.233",
                    "network_tier": "PREMIUM",
                    "public_ptr_domain_name": ""
                  }
                ],
                "address": "",
                "alias_ip_range": [],
                "name": "nic0",
                "network": "https://www.googleapis.com/compute/v1/projects/project-shard-12345/global/networks/default",
                "network_ip": "10.154.0.60",
                "subnetwork": "https://www.googleapis.com/compute/v1/projects/project-shard-12345/regions/europe-west2/subnetworks/default",
                "subnetwork_project": "project-shard-12345"
              }
            ],
            "project": "project-shard-12345",
            "scheduling": [
              {
                "automatic_restart": true,
                "node_affinities": [],
                "on_host_maintenance": "MIGRATE",
                "preemptible": false
              }
            ],
            "scratch_disk": [],
            "self_link": "https://www.googleapis.com/compute/v1/projects/project-shard-12345/zones/europe-west2-c/instances/api",
            "service_account": [],
            "shielded_instance_config": [],
            "tags": [
              "mongodb"
            ],
            "tags_fingerprint": "unDUUT8-8-A=",
            "timeouts": null,
            "zone": "europe-west2-c"
          },
          "private": "eyJlMmJmYjczMC1lY2FhLTExZTYtOGY4OC0zNDM2M2JjN2M0YzAiOnsiY3JlYXRlIjoxMjAwMDAwMDAwMDAwLCJkZWxldGUiOjEyMDAwMDAwMDAwMDAsInVwZGF0ZSI6MTIwMDAwMDAwMDAwMH0sInNjaGVtYV92ZXJzaW9uIjoiNiJ9"
        }
      ]
    },
    {
      "mode": "managed",
      "type": "google_compute_instance",
      "name": "mongo",
      "provider": "provider.google",
      "instances": [
        {
          "schema_version": 6,
          "attributes": {
            "allow_stopping_for_update": null,
            "attached_disk": [],
            "boot_disk": [
              {
                "auto_delete": true,
                "device_name": "persistent-disk-0",
                "disk_encryption_key_raw": "",
                "disk_encryption_key_sha256": "",
                "initialize_params": [
                  {
                    "image": "https://www.googleapis.com/compute/v1/projects/ubuntu-os-cloud/global/images/ubuntu-1804-bionic-v20190628",
                    "size": 10,
                    "type": "pd-standard"
                  }
                ],
                "kms_key_self_link": "",
                "source": "https://www.googleapis.com/compute/v1/projects/project-shard-12345/zones/europe-west2-c/disks/mongodb"
              }
            ],
            "can_ip_forward": false,
            "cpu_platform": "Intel Broadwell",
            "deletion_protection": false,
            "description": null,
            "disk": [],
            "guest_accelerator": [],
            "hostname": "",
            "id": "mongodb",
            "instance_id": "5974016249259433655",
            "label_fingerprint": "42WmSpB8rSM=",
            "labels": null,
            "machine_type": "g1-small",
            "metadata": {
              "sshKeys": "terraform:ssh-rsa AAAAB3NzaC1yc2EAAAADAQABAAABAQC0y2bUR5VY2EtWhm1EhCuNfRb5ld77ztBfeVKAPRsS6q4y5YKbbZH+upaOTSPCT3QF48SSzS+5I3BylXOG/hNZ1BApdGb9yQx2IvH9TUueVNOZLPwHEq7cofGq5+djzW8pkAexQyGY+6LeGq7T87AUIrjKjEKZTHeCM9AT6mSrNVveKPM6/3A4fBprcE65Emmw1WPpvottaeuRkKPUhZkoIaUqJdMhzvsrbJXP5rMCb1zBPLmJeXGVLNix0aqH2wGY/Y7gWaLiiKEetUORINpk0Ut513ObgQt1RIRqJMXZE5qCavP9kU8hxTHUxgABdwai/+lMryO7LkSWVGcbNsj9 allan@allan-K52F\n"
            },
            "metadata_fingerprint": "O0NvVdvThiI=",
            "metadata_startup_script": "",
            "min_cpu_platform": "",
            "name": "mongodb",
            "network_interface": [
              {
                "access_config": [
                  {
                    "assigned_nat_ip": "",
                    "nat_ip": "35.197.253.254",
                    "network_tier": "PREMIUM",
                    "public_ptr_domain_name": ""
                  }
                ],
                "address": "",
                "alias_ip_range": [],
                "name": "nic0",
                "network": "https://www.googleapis.com/compute/v1/projects/project-shard-12345/global/networks/default",
                "network_ip": "10.154.0.61",
                "subnetwork": "https://www.googleapis.com/compute/v1/projects/project-shard-12345/regions/europe-west2/subnetworks/default",
                "subnetwork_project": "project-shard-12345"
              }
            ],
            "project": "project-shard-12345",
            "scheduling": [
              {
                "automatic_restart": true,
                "node_affinities": [],
                "on_host_maintenance": "MIGRATE",
                "preemptible": false
              }
            ],
            "scratch_disk": [],
            "self_link": "https://www.googleapis.com/compute/v1/projects/project-shard-12345/zones/europe-west2-c/instances/mongodb",
            "service_account": [],
            "shielded_instance_config": [],
            "tags": [
              "mongodb"
            ],
            "tags_fingerprint": "unDUUT8-8-A=",
            "timeouts": null,
            "zone": "europe-west2-c"
          },
          "private": "eyJlMmJmYjczMC1lY2FhLTExZTYtOGY4OC0zNDM2M2JjN2M0YzAiOnsiY3JlYXRlIjoxMjAwMDAwMDAwMDAwLCJkZWxldGUiOjEyMDAwMDAwMDAwMDAsInVwZGF0ZSI6MTIwMDAwMDAwMDAwMH0sInNjaGVtYV92ZXJzaW9uIjoiNiJ9"
        }
      ]
    }
  ]
}
